
Microsoft Visual Studio Solution File, Format Version 12.00
# Visual Studio Version 17
VisualStudioVersion = 17.9.34728.123
MinimumVisualStudioVersion = 10.0.40219.1
Project("{FAE04EC0-301F-11D3-BF4B-00C04F79EFBC}") = "AppMovilXamarinUTN.ConsumeAPI.UWP", "AppMovilXamarinUTN.ConsumeAPI\AppMovilXamarinUTN.ConsumeAPI.UWP\AppMovilXamarinUTN.ConsumeAPI.UWP.csproj", "{1ADFAEA2-A85B-4CF4-9219-8240C4329F68}"
EndProject
Project("{FAE04EC0-301F-11D3-BF4B-00C04F79EFBC}") = "AppMovilXamarinUTN.ConsumeAPI.Android", "AppMovilXamarinUTN.ConsumeAPI\AppMovilXamarinUTN.ConsumeAPI.Android\AppMovilXamarinUTN.ConsumeAPI.Android.csproj", "{E74DDCA0-5747-4DC8-9A8B-ADDC14185A1E}"
EndProject
Project("{FAE04EC0-301F-11D3-BF4B-00C04F79EFBC}") = "AppMovilXamarinUTN.ConsumeAPI.iOS", "AppMovilXamarinUTN.ConsumeAPI\AppMovilXamarinUTN.ConsumeAPI.iOS\AppMovilXamarinUTN.ConsumeAPI.iOS.csproj", "{2C31B45C-7853-43F7-8CC1-C3A93AAA123A}"
EndProject
Project("{FAE04EC0-301F-11D3-BF4B-00C04F79EFBC}") = "AppMovilXamarinUTN.ConsumeAPI", "AppMovilXamarinUTN.ConsumeAPI\AppMovilXamarinUTN.ConsumeAPI\AppMovilXamarinUTN.ConsumeAPI.csproj", "{68C8A383-ECE4-4A48-B010-8982D9B831E7}"
EndProject
Project("{FAE04EC0-301F-11D3-BF4B-00C04F79EFBC}") = "APIConsumer", "APIConsumer\APIConsumer.csproj", "{31DDA634-1FB4-4460-A19D-F8890595CEC5}"
EndProject
Global
	GlobalSection(SolutionConfigurationPlatforms) = preSolution
		Debug|Any CPU = Debug|Any CPU
		Debug|ARM = Debug|ARM
		Debug|iPhone = Debug|iPhone
		Debug|iPhoneSimulator = Debug|iPhoneSimulator
		Debug|x64 = Debug|x64
		Debug|x86 = Debug|x86
		Release|Any CPU = Release|Any CPU
		Release|ARM = Release|ARM
		Release|iPhone = Release|iPhone
		Release|iPhoneSimulator = Release|iPhoneSimulator
		Release|x64 = Release|x64
		Release|x86 = Release|x86
	EndGlobalSection
	GlobalSection(ProjectConfigurationPlatforms) = postSolution
		{1ADFAEA2-A85B-4CF4-9219-8240C4329F68}.Debug|Any CPU.ActiveCfg = Debug|x64
		{1ADFAEA2-A85B-4CF4-9219-8240C4329F68}.Debug|Any CPU.Build.0 = Debug|x64
		{1ADFAEA2-A85B-4CF4-9219-8240C4329F68}.Debug|Any CPU.Deploy.0 = Debug|x64
		{1ADFAEA2-A85B-4CF4-9219-8240C4329F68}.Debug|ARM.ActiveCfg = Debug|ARM
		{1ADFAEA2-A85B-4CF4-9219-8240C4329F68}.Debug|ARM.Build.0 = Debug|ARM
		{1ADFAEA2-A85B-4CF4-9219-8240C4329F68}.Debug|ARM.Deploy.0 = Debug|ARM
		{1ADFAEA2-A85B-4CF4-9219-8240C4329F68}.Debug|iPhone.ActiveCfg = Debug|x64
		{1ADFAEA2-A85B-4CF4-9219-8240C4329F68}.Debug|iPhone.Build.0 = Debug|x64
		{1ADFAEA2-A85B-4CF4-9219-8240C4329F68}.Debug|iPhone.Deploy.0 = Debug|x64
		{1ADFAEA2-A85B-4CF4-9219-8240C4329F68}.Debug|iPhoneSimulator.ActiveCfg = Debug|x64
		{1ADFAEA2-A85B-4CF4-9219-8240C4329F68}.Debug|iPhoneSimulator.Build.0 = Debug|x64
		{1ADFAEA2-A85B-4CF4-9219-8240C4329F68}.Debug|iPhoneSimulator.Deploy.0 = Debug|x64
		{1ADFAEA2-A85B-4CF4-9219-8240C4329F68}.Debug|x64.ActiveCfg = Debug|x64
		{1ADFAEA2-A85B-4CF4-9219-8240C4329F68}.Debug|x64.Build.0 = Debug|x64
		{1ADFAEA2-A85B-4CF4-9219-8240C4329F68}.Debug|x64.Deploy.0 = Debug|x64
		{1ADFAEA2-A85B-4CF4-9219-8240C4329F68}.Debug|x86.ActiveCfg = Debug|x86
		{1ADFAEA2-A85B-4CF4-9219-8240C4329F68}.Debug|x86.Build.0 = Debug|x86
		{1ADFAEA2-A85B-4CF4-9219-8240C4329F68}.Debug|x86.Deploy.0 = Debug|x86
		{1ADFAEA2-A85B-4CF4-9219-8240C4329F68}.Release|Any CPU.ActiveCfg = Release|x64
		{1ADFAEA2-A85B-4CF4-9219-8240C4329F68}.Release|Any CPU.Build.0 = Release|x64
		{1ADFAEA2-A85B-4CF4-9219-8240C4329F68}.Release|Any CPU.Deploy.0 = Release|x64
		{1ADFAEA2-A85B-4CF4-9219-8240C4329F68}.Release|ARM.ActiveCfg = Release|ARM
		{1ADFAEA2-A85B-4CF4-9219-8240C4329F68}.Release|ARM.Build.0 = Release|ARM
		{1ADFAEA2-A85B-4CF4-9219-8240C4329F68}.Release|ARM.Deploy.0 = Release|ARM
		{1ADFAEA2-A85B-4CF4-9219-8240C4329F68}.Release|iPhone.ActiveCfg = Release|x64
		{1ADFAEA2-A85B-4CF4-9219-8240C4329F68}.Release|iPhone.Build.0 = Release|x64
		{1ADFAEA2-A85B-4CF4-9219-8240C4329F68}.Release|iPhone.Deploy.0 = Release|x64
		{1ADFAEA2-A85B-4CF4-9219-8240C4329F68}.Release|iPhoneSimulator.ActiveCfg = Release|x64
		{1ADFAEA2-A85B-4CF4-9219-8240C4329F68}.Release|iPhoneSimulator.Build.0 = Release|x64
		{1ADFAEA2-A85B-4CF4-9219-8240C4329F68}.Release|iPhoneSimulator.Deploy.0 = Release|x64
		{1ADFAEA2-A85B-4CF4-9219-8240C4329F68}.Release|x64.ActiveCfg = Release|x64
		{1ADFAEA2-A85B-4CF4-9219-8240C4329F68}.Release|x64.Build.0 = Release|x64
		{1ADFAEA2-A85B-4CF4-9219-8240C4329F68}.Release|x64.Deploy.0 = Release|x64
		{1ADFAEA2-A85B-4CF4-9219-8240C4329F68}.Release|x86.ActiveCfg = Release|x86
		{1ADFAEA2-A85B-4CF4-9219-8240C4329F68}.Release|x86.Build.0 = Release|x86
		{1ADFAEA2-A85B-4CF4-9219-8240C4329F68}.Release|x86.Deploy.0 = Release|x86
		{E74DDCA0-5747-4DC8-9A8B-ADDC14185A1E}.Debug|Any CPU.ActiveCfg = Debug|Any CPU
		{E74DDCA0-5747-4DC8-9A8B-ADDC14185A1E}.Debug|Any CPU.Build.0 = Debug|Any CPU
		{E74DDCA0-5747-4DC8-9A8B-ADDC14185A1E}.Debug|Any CPU.Deploy.0 = Debug|Any CPU
		{E74DDCA0-5747-4DC8-9A8B-ADDC14185A1E}.Debug|ARM.ActiveCfg = Debug|Any CPU
		{E74DDCA0-5747-4DC8-9A8B-ADDC14185A1E}.Debug|ARM.Build.0 = Debug|Any CPU
		{E74DDCA0-5747-4DC8-9A8B-ADDC14185A1E}.Debug|ARM.Deploy.0 = Debug|Any CPU
		{E74DDCA0-5747-4DC8-9A8B-ADDC14185A1E}.Debug|iPhone.ActiveCfg = Debug|Any CPU
		{E74DDCA0-5747-4DC8-9A8B-ADDC14185A1E}.Debug|iPhone.Build.0 = Debug|Any CPU
		{E74DDCA0-5747-4DC8-9A8B-ADDC14185A1E}.Debug|iPhone.Deploy.0 = Debug|Any CPU
		{E74DDCA0-5747-4DC8-9A8B-ADDC14185A1E}.Debug|iPhoneSimulator.ActiveCfg = Debug|Any CPU
		{E74DDCA0-5747-4DC8-9A8B-ADDC14185A1E}.Debug|iPhoneSimulator.Build.0 = Debug|Any CPU
		{E74DDCA0-5747-4DC8-9A8B-ADDC14185A1E}.Debug|iPhoneSimulator.Deploy.0 = Debug|Any CPU
		{E74DDCA0-5747-4DC8-9A8B-ADDC14185A1E}.Debug|x64.ActiveCfg = Debug|Any CPU
		{E74DDCA0-5747-4DC8-9A8B-ADDC14185A1E}.Debug|x64.Build.0 = Debug|Any CPU
		{E74DDCA0-5747-4DC8-9A8B-ADDC14185A1E}.Debug|x64.Deploy.0 = Debug|Any CPU
		{E74DDCA0-5747-4DC8-9A8B-ADDC14185A1E}.Debug|x86.ActiveCfg = Debug|Any CPU
		{E74DDCA0-5747-4DC8-9A8B-ADDC14185A1E}.Debug|x86.Build.0 = Debug|Any CPU
		{E74DDCA0-5747-4DC8-9A8B-ADDC14185A1E}.Debug|x86.Deploy.0 = Debug|Any CPU
		{E74DDCA0-5747-4DC8-9A8B-ADDC14185A1E}.Release|Any CPU.ActiveCfg = Release|Any CPU
		{E74DDCA0-5747-4DC8-9A8B-ADDC14185A1E}.Release|Any CPU.Build.0 = Release|Any CPU
		{E74DDCA0-5747-4DC8-9A8B-ADDC14185A1E}.Release|Any CPU.Deploy.0 = Release|Any CPU
		{E74DDCA0-5747-4DC8-9A8B-ADDC14185A1E}.Release|ARM.ActiveCfg = Release|Any CPU
		{E74DDCA0-5747-4DC8-9A8B-ADDC14185A1E}.Release|ARM.Build.0 = Release|Any CPU
		{E74DDCA0-5747-4DC8-9A8B-ADDC14185A1E}.Release|ARM.Deploy.0 = Release|Any CPU
		{E74DDCA0-5747-4DC8-9A8B-ADDC14185A1E}.Release|iPhone.ActiveCfg = Release|Any CPU
		{E74DDCA0-5747-4DC8-9A8B-ADDC14185A1E}.Release|iPhone.Build.0 = Release|Any CPU
		{E74DDCA0-5747-4DC8-9A8B-ADDC14185A1E}.Release|iPhone.Deploy.0 = Release|Any CPU
		{E74DDCA0-5747-4DC8-9A8B-ADDC14185A1E}.Release|iPhoneSimulator.ActiveCfg = Release|Any CPU
		{E74DDCA0-5747-4DC8-9A8B-ADDC14185A1E}.Release|iPhoneSimulator.Build.0 = Release|Any CPU
		{E74DDCA0-5747-4DC8-9A8B-ADDC14185A1E}.Release|iPhoneSimulator.Deploy.0 = Release|Any CPU
		{E74DDCA0-5747-4DC8-9A8B-ADDC14185A1E}.Release|x64.ActiveCfg = Release|Any CPU
		{E74DDCA0-5747-4DC8-9A8B-ADDC14185A1E}.Release|x64.Build.0 = Release|Any CPU
		{E74DDCA0-5747-4DC8-9A8B-ADDC14185A1E}.Release|x64.Deploy.0 = Release|Any CPU
		{E74DDCA0-5747-4DC8-9A8B-ADDC14185A1E}.Release|x86.ActiveCfg = Release|Any CPU
		{E74DDCA0-5747-4DC8-9A8B-ADDC14185A1E}.Release|x86.Build.0 = Release|Any CPU
		{E74DDCA0-5747-4DC8-9A8B-ADDC14185A1E}.Release|x86.Deploy.0 = Release|Any CPU
		{2C31B45C-7853-43F7-8CC1-C3A93AAA123A}.Debug|Any CPU.ActiveCfg = Debug|iPhoneSimulator
		{2C31B45C-7853-43F7-8CC1-C3A93AAA123A}.Debug|Any CPU.Build.0 = Debug|iPhoneSimulator
		{2C31B45C-7853-43F7-8CC1-C3A93AAA123A}.Debug|Any CPU.Deploy.0 = Debug|iPhoneSimulator
		{2C31B45C-7853-43F7-8CC1-C3A93AAA123A}.Debug|ARM.ActiveCfg = Debug|iPhoneSimulator
		{2C31B45C-7853-43F7-8CC1-C3A93AAA123A}.Debug|ARM.Build.0 = Debug|iPhoneSimulator
		{2C31B45C-7853-43F7-8CC1-C3A93AAA123A}.Debug|ARM.Deploy.0 = Debug|iPhoneSimulator
		{2C31B45C-7853-43F7-8CC1-C3A93AAA123A}.Debug|iPhone.ActiveCfg = Debug|iPhone
		{2C31B45C-7853-43F7-8CC1-C3A93AAA123A}.Debug|iPhone.Build.0 = Debug|iPhone
		{2C31B45C-7853-43F7-8CC1-C3A93AAA123A}.Debug|iPhone.Deploy.0 = Debug|iPhone
		{2C31B45C-7853-43F7-8CC1-C3A93AAA123A}.Debug|iPhoneSimulator.ActiveCfg = Debug|iPhoneSimulator
		{2C31B45C-7853-43F7-8CC1-C3A93AAA123A}.Debug|iPhoneSimulator.Build.0 = Debug|iPhoneSimulator
		{2C31B45C-7853-43F7-8CC1-C3A93AAA123A}.Debug|iPhoneSimulator.Deploy.0 = Debug|iPhoneSimulator
		{2C31B45C-7853-43F7-8CC1-C3A93AAA123A}.Debug|x64.ActiveCfg = Debug|iPhone
		{2C31B45C-7853-43F7-8CC1-C3A93AAA123A}.Debug|x64.Build.0 = Debug|iPhone
		{2C31B45C-7853-43F7-8CC1-C3A93AAA123A}.Debug|x64.Deploy.0 = Debug|iPhone
		{2C31B45C-7853-43F7-8CC1-C3A93AAA123A}.Debug|x86.ActiveCfg = Debug|iPhoneSimulator
		{2C31B45C-7853-43F7-8CC1-C3A93AAA123A}.Debug|x86.Build.0 = Debug|iPhoneSimulator
		{2C31B45C-7853-43F7-8CC1-C3A93AAA123A}.Debug|x86.Deploy.0 = Debug|iPhoneSimulator
		{2C31B45C-7853-43F7-8CC1-C3A93AAA123A}.Release|Any CPU.ActiveCfg = Release|iPhoneSimulator
		{2C31B45C-7853-43F7-8CC1-C3A93AAA123A}.Release|Any CPU.Build.0 = Release|iPhoneSimulator
		{2C31B45C-7853-43F7-8CC1-C3A93AAA123A}.Release|Any CPU.Deploy.0 = Release|iPhoneSimulator
		{2C31B45C-7853-43F7-8CC1-C3A93AAA123A}.Release|ARM.ActiveCfg = Release|iPhoneSimulator
		{2C31B45C-7853-43F7-8CC1-C3A93AAA123A}.Release|ARM.Build.0 = Release|iPhoneSimulator
		{2C31B45C-7853-43F7-8CC1-C3A93AAA123A}.Release|ARM.Deploy.0 = Release|iPhoneSimulator
		{2C31B45C-7853-43F7-8CC1-C3A93AAA123A}.Release|iPhone.ActiveCfg = Release|iPhone
		{2C31B45C-7853-43F7-8CC1-C3A93AAA123A}.Release|iPhone.Build.0 = Release|iPhone
		{2C31B45C-7853-43F7-8CC1-C3A93AAA123A}.Release|iPhone.Deploy.0 = Release|iPhone
		{2C31B45C-7853-43F7-8CC1-C3A93AAA123A}.Release|iPhoneSimulator.ActiveCfg = Release|iPhoneSimulator
		{2C31B45C-7853-43F7-8CC1-C3A93AAA123A}.Release|iPhoneSimulator.Build.0 = Release|iPhoneSimulator
		{2C31B45C-7853-43F7-8CC1-C3A93AAA123A}.Release|iPhoneSimulator.Deploy.0 = Release|iPhoneSimulator
		{2C31B45C-7853-43F7-8CC1-C3A93AAA123A}.Release|x64.ActiveCfg = Release|iPhoneSimulator
		{2C31B45C-7853-43F7-8CC1-C3A93AAA123A}.Release|x64.Build.0 = Release|iPhoneSimulator
		{2C31B45C-7853-43F7-8CC1-C3A93AAA123A}.Release|x64.Deploy.0 = Release|iPhoneSimulator
		{2C31B45C-7853-43F7-8CC1-C3A93AAA123A}.Release|x86.ActiveCfg = Release|iPhoneSimulator
		{2C31B45C-7853-43F7-8CC1-C3A93AAA123A}.Release|x86.Build.0 = Release|iPhoneSimulator
		{2C31B45C-7853-43F7-8CC1-C3A93AAA123A}.Release|x86.Deploy.0 = Release|iPhoneSimulator
		{68C8A383-ECE4-4A48-B010-8982D9B831E7}.Debug|Any CPU.ActiveCfg = Debug|Any CPU
		{68C8A383-ECE4-4A48-B010-8982D9B831E7}.Debug|Any CPU.Build.0 = Debug|Any CPU
		{68C8A383-ECE4-4A48-B010-8982D9B831E7}.Debug|Any CPU.Deploy.0 = Debug|Any CPU
		{68C8A383-ECE4-4A48-B010-8982D9B831E7}.Debug|ARM.ActiveCfg = Debug|Any CPU
		{68C8A383-ECE4-4A48-B010-8982D9B831E7}.Debug|ARM.Build.0 = Debug|Any CPU
		{68C8A383-ECE4-4A48-B010-8982D9B831E7}.Debug|ARM.Deploy.0 = Debug|Any CPU
		{68C8A383-ECE4-4A48-B010-8982D9B831E7}.Debug|iPhone.ActiveCfg = Debug|Any CPU
		{68C8A383-ECE4-4A48-B010-8982D9B831E7}.Debug|iPhone.Build.0 = Debug|Any CPU
		{68C8A383-ECE4-4A48-B010-8982D9B831E7}.Debug|iPhone.Deploy.0 = Debug|Any CPU
		{68C8A383-ECE4-4A48-B010-8982D9B831E7}.Debug|iPhoneSimulator.ActiveCfg = Debug|Any CPU
		{68C8A383-ECE4-4A48-B010-8982D9B831E7}.Debug|iPhoneSimulator.Build.0 = Debug|Any CPU
		{68C8A383-ECE4-4A48-B010-8982D9B831E7}.Debug|iPhoneSimulator.Deploy.0 = Debug|Any CPU
		{68C8A383-ECE4-4A48-B010-8982D9B831E7}.Debug|x64.ActiveCfg = Debug|Any CPU
		{68C8A383-ECE4-4A48-B010-8982D9B831E7}.Debug|x64.Build.0 = Debug|Any CPU
		{68C8A383-ECE4-4A48-B010-8982D9B831E7}.Debug|x64.Deploy.0 = Debug|Any CPU
		{68C8A383-ECE4-4A48-B010-8982D9B831E7}.Debug|x86.ActiveCfg = Debug|Any CPU
		{68C8A383-ECE4-4A48-B010-8982D9B831E7}.Debug|x86.Build.0 = Debug|Any CPU
		{68C8A383-ECE4-4A48-B010-8982D9B831E7}.Debug|x86.Deploy.0 = Debug|Any CPU
		{68C8A383-ECE4-4A48-B010-8982D9B831E7}.Release|Any CPU.ActiveCfg = Release|Any CPU
		{68C8A383-ECE4-4A48-B010-8982D9B831E7}.Release|Any CPU.Build.0 = Release|Any CPU
		{68C8A383-ECE4-4A48-B010-8982D9B831E7}.Release|Any CPU.Deploy.0 = Release|Any CPU
		{68C8A383-ECE4-4A48-B010-8982D9B831E7}.Release|ARM.ActiveCfg = Release|Any CPU
		{68C8A383-ECE4-4A48-B010-8982D9B831E7}.Release|ARM.Build.0 = Release|Any CPU
		{68C8A383-ECE4-4A48-B010-8982D9B831E7}.Release|ARM.Deploy.0 = Release|Any CPU
		{68C8A383-ECE4-4A48-B010-8982D9B831E7}.Release|iPhone.ActiveCfg = Release|Any CPU
		{68C8A383-ECE4-4A48-B010-8982D9B831E7}.Release|iPhone.Build.0 = Release|Any CPU
		{68C8A383-ECE4-4A48-B010-8982D9B831E7}.Release|iPhone.Deploy.0 = Release|Any CPU
		{68C8A383-ECE4-4A48-B010-8982D9B831E7}.Release|iPhoneSimulator.ActiveCfg = Release|Any CPU
		{68C8A383-ECE4-4A48-B010-8982D9B831E7}.Release|iPhoneSimulator.Build.0 = Release|Any CPU
		{68C8A383-ECE4-4A48-B010-8982D9B831E7}.Release|iPhoneSimulator.Deploy.0 = Release|Any CPU
		{68C8A383-ECE4-4A48-B010-8982D9B831E7}.Release|x64.ActiveCfg = Release|Any CPU
		{68C8A383-ECE4-4A48-B010-8982D9B831E7}.Release|x64.Build.0 = Release|Any CPU
		{68C8A383-ECE4-4A48-B010-8982D9B831E7}.Release|x64.Deploy.0 = Release|Any CPU
		{68C8A383-ECE4-4A48-B010-8982D9B831E7}.Release|x86.ActiveCfg = Release|Any CPU
		{68C8A383-ECE4-4A48-B010-8982D9B831E7}.Release|x86.Build.0 = Release|Any CPU
		{68C8A383-ECE4-4A48-B010-8982D9B831E7}.Release|x86.Deploy.0 = Release|Any CPU
		{31DDA634-1FB4-4460-A19D-F8890595CEC5}.Debug|Any CPU.ActiveCfg = Debug|Any CPU
		{31DDA634-1FB4-4460-A19D-F8890595CEC5}.Debug|Any CPU.Build.0 = Debug|Any CPU
		{31DDA634-1FB4-4460-A19D-F8890595CEC5}.Debug|ARM.ActiveCfg = Debug|Any CPU
		{31DDA634-1FB4-4460-A19D-F8890595CEC5}.Debug|ARM.Build.0 = Debug|Any CPU
		{31DDA634-1FB4-4460-A19D-F8890595CEC5}.Debug|iPhone.ActiveCfg = Debug|Any CPU
		{31DDA634-1FB4-4460-A19D-F8890595CEC5}.Debug|iPhone.Build.0 = Debug|Any CPU
		{31DDA634-1FB4-4460-A19D-F8890595CEC5}.Debug|iPhoneSimulator.ActiveCfg = Debug|Any CPU
		{31DDA634-1FB4-4460-A19D-F8890595CEC5}.Debug|iPhoneSimulator.Build.0 = Debug|Any CPU
		{31DDA634-1FB4-4460-A19D-F8890595CEC5}.Debug|x64.ActiveCfg = Debug|Any CPU
		{31DDA634-1FB4-4460-A19D-F8890595CEC5}.Debug|x64.Build.0 = Debug|Any CPU
		{31DDA634-1FB4-4460-A19D-F8890595CEC5}.Debug|x86.ActiveCfg = Debug|Any CPU
		{31DDA634-1FB4-4460-A19D-F8890595CEC5}.Debug|x86.Build.0 = Debug|Any CPU
		{31DDA634-1FB4-4460-A19D-F8890595CEC5}.Release|Any CPU.ActiveCfg = Release|Any CPU
		{31DDA634-1FB4-4460-A19D-F8890595CEC5}.Release|Any CPU.Build.0 = Release|Any CPU
		{31DDA634-1FB4-4460-A19D-F8890595CEC5}.Release|ARM.ActiveCfg = Release|Any CPU
		{31DDA634-1FB4-4460-A19D-F8890595CEC5}.Release|ARM.Build.0 = Release|Any CPU
		{31DDA634-1FB4-4460-A19D-F8890595CEC5}.Release|iPhone.ActiveCfg = Release|Any CPU
		{31DDA634-1FB4-4460-A19D-F8890595CEC5}.Release|iPhone.Build.0 = Release|Any CPU
		{31DDA634-1FB4-4460-A19D-F8890595CEC5}.Release|iPhoneSimulator.ActiveCfg = Release|Any CPU
		{31DDA634-1FB4-4460-A19D-F8890595CEC5}.Release|iPhoneSimulator.Build.0 = Release|Any CPU
		{31DDA634-1FB4-4460-A19D-F8890595CEC5}.Release|x64.ActiveCfg = Release|Any CPU
		{31DDA634-1FB4-4460-A19D-F8890595CEC5}.Release|x64.Build.0 = Release|Any CPU
		{31DDA634-1FB4-4460-A19D-F8890595CEC5}.Release|x86.ActiveCfg = Release|Any CPU
		{31DDA634-1FB4-4460-A19D-F8890595CEC5}.Release|x86.Build.0 = Release|Any CPU
	EndGlobalSection
	GlobalSection(SolutionProperties) = preSolution
		HideSolutionNode = FALSE
	EndGlobalSection
	GlobalSection(ExtensibilityGlobals) = postSolution
		SolutionGuid = {9DB6FBED-B5D3-4C4B-A974-A996053B8EFF}
	EndGlobalSection
EndGlobal
